
Microsoft Visual Studio Solution File, Format Version 12.00
# Visual Studio Version 17
VisualStudioVersion = 17.9.34622.214
MinimumVisualStudioVersion = 10.0.40219.1
Project("{FAE04EC0-301F-11D3-BF4B-00C04F79EFBC}") = "lab4", "lab4\lab4.csproj", "{D644A92F-EC51-41DD-96F9-6784F659513B}"
EndProject
Global
	GlobalSection(SolutionConfigurationPlatforms) = preSolution
		Debug|Any CPU = Debug|Any CPU
		Release|Any CPU = Release|Any CPU
	EndGlobalSection
	GlobalSection(ProjectConfigurationPlatforms) = postSolution
		{D644A92F-EC51-41DD-96F9-6784F659513B}.Debug|Any CPU.ActiveCfg = Debug|Any CPU
		{D644A92F-EC51-41DD-96F9-6784F659513B}.Debug|Any CPU.Build.0 = Debug|Any CPU
		{D644A92F-EC51-41DD-96F9-6784F659513B}.Release|Any CPU.ActiveCfg = Release|Any CPU
		{D644A92F-EC51-41DD-96F9-6784F659513B}.Release|Any CPU.Build.0 = Release|Any CPU
	EndGlobalSection
	GlobalSection(SolutionProperties) = preSolution
		HideSolutionNode = FALSE
	EndGlobalSection
	GlobalSection(ExtensibilityGlobals) = postSolution
		SolutionGuid = {50FDA860-CAC7-4364-856D-55FE16906699}
	EndGlobalSection
EndGlobal
