
Microsoft Visual Studio Solution File, Format Version 12.00
# Visual Studio Version 17
VisualStudioVersion = 17.9.34723.18
MinimumVisualStudioVersion = 10.0.40219.1
Project("{FAE04EC0-301F-11D3-BF4B-00C04F79EFBC}") = "lab3", "lab3\lab3.csproj", "{23A07E3E-4299-4A9A-9FBC-99E7BBA44E62}"
EndProject
Global
	GlobalSection(SolutionConfigurationPlatforms) = preSolution
		Debug|Any CPU = Debug|Any CPU
		Release|Any CPU = Release|Any CPU
	EndGlobalSection
	GlobalSection(ProjectConfigurationPlatforms) = postSolution
		{23A07E3E-4299-4A9A-9FBC-99E7BBA44E62}.Debug|Any CPU.ActiveCfg = Debug|Any CPU
		{23A07E3E-4299-4A9A-9FBC-99E7BBA44E62}.Debug|Any CPU.Build.0 = Debug|Any CPU
		{23A07E3E-4299-4A9A-9FBC-99E7BBA44E62}.Release|Any CPU.ActiveCfg = Release|Any CPU
		{23A07E3E-4299-4A9A-9FBC-99E7BBA44E62}.Release|Any CPU.Build.0 = Release|Any CPU
	EndGlobalSection
	GlobalSection(SolutionProperties) = preSolution
		HideSolutionNode = FALSE
	EndGlobalSection
	GlobalSection(ExtensibilityGlobals) = postSolution
		SolutionGuid = {1FD7004F-EA82-4B47-AD2E-30F26222841D}
	EndGlobalSection
EndGlobal
